
Microsoft Visual Studio Solution File, Format Version 12.00
# Visual Studio 15
VisualStudioVersion = 15.0.27703.2018
MinimumVisualStudioVersion = 10.0.40219.1
Project("{FAE04EC0-301F-11D3-BF4B-00C04F79EFBC}") = "SelTest", "SelTest\SelTest.csproj", "{83D252D8-8A72-43BF-9B4A-D2D120F7DDFD}"
EndProject
Project("{FAE04EC0-301F-11D3-BF4B-00C04F79EFBC}") = "UnitTests", "UnitTests\UnitTests.csproj", "{0F541160-3C05-4EBC-B1A2-6F4B69394BC0}"
EndProject
Global
	GlobalSection(SolutionConfigurationPlatforms) = preSolution
		Debug|Any CPU = Debug|Any CPU
		Release|Any CPU = Release|Any CPU
	EndGlobalSection
	GlobalSection(ProjectConfigurationPlatforms) = postSolution
		{83D252D8-8A72-43BF-9B4A-D2D120F7DDFD}.Debug|Any CPU.ActiveCfg = Debug|Any CPU
		{83D252D8-8A72-43BF-9B4A-D2D120F7DDFD}.Debug|Any CPU.Build.0 = Debug|Any CPU
		{83D252D8-8A72-43BF-9B4A-D2D120F7DDFD}.Release|Any CPU.ActiveCfg = Release|Any CPU
		{83D252D8-8A72-43BF-9B4A-D2D120F7DDFD}.Release|Any CPU.Build.0 = Release|Any CPU
		{0F541160-3C05-4EBC-B1A2-6F4B69394BC0}.Debug|Any CPU.ActiveCfg = Debug|Any CPU
		{0F541160-3C05-4EBC-B1A2-6F4B69394BC0}.Debug|Any CPU.Build.0 = Debug|Any CPU
		{0F541160-3C05-4EBC-B1A2-6F4B69394BC0}.Release|Any CPU.ActiveCfg = Release|Any CPU
		{0F541160-3C05-4EBC-B1A2-6F4B69394BC0}.Release|Any CPU.Build.0 = Release|Any CPU
	EndGlobalSection
	GlobalSection(SolutionProperties) = preSolution
		HideSolutionNode = FALSE
	EndGlobalSection
	GlobalSection(ExtensibilityGlobals) = postSolution
		SolutionGuid = {B36E0645-3F99-425F-955D-0D589ACFAA4A}
	EndGlobalSection
EndGlobal
